// !$*UTF8*$!
{
	archiveVersion = 1;
	classes = {
	};
	objectVersion = 55;
	objects = {

/* Begin PBXBuildFile section */
		1A1B686827741D2F00367796 /* SlateApp.swift in Sources */ = {isa = PBXBuildFile; fileRef = 1A1B686727741D2F00367796 /* SlateApp.swift */; };
		1A1B686A27741D2F00367796 /* ContentView.swift in Sources */ = {isa = PBXBuildFile; fileRef = 1A1B686927741D2F00367796 /* ContentView.swift */; };
		1A1B686C27741D3200367796 /* Assets.xcassets in Resources */ = {isa = PBXBuildFile; fileRef = 1A1B686B27741D3200367796 /* Assets.xcassets */; };
		1A1B686F27741D3200367796 /* Preview Assets.xcassets in Resources */ = {isa = PBXBuildFile; fileRef = 1A1B686E27741D3200367796 /* Preview Assets.xcassets */; };
		1A1B687927741D3200367796 /* SlateTests.swift in Sources */ = {isa = PBXBuildFile; fileRef = 1A1B687827741D3200367796 /* SlateTests.swift */; };
		1A1B688327741D3200367796 /* SlateUITests.swift in Sources */ = {isa = PBXBuildFile; fileRef = 1A1B688227741D3200367796 /* SlateUITests.swift */; };
		1A1B688527741D3200367796 /* SlateUITestsLaunchTests.swift in Sources */ = {isa = PBXBuildFile; fileRef = 1A1B688427741D3200367796 /* SlateUITestsLaunchTests.swift */; };
/* End PBXBuildFile section */

/* Begin PBXContainerItemProxy section */
		1A1B687527741D3200367796 /* PBXContainerItemProxy */ = {
			isa = PBXContainerItemProxy;
			containerPortal = 1A1B685C27741D2F00367796 /* Project object */;
			proxyType = 1;
			remoteGlobalIDString = 1A1B686327741D2F00367796;
			remoteInfo = Slate;
		};
		1A1B687F27741D3200367796 /* PBXContainerItemProxy */ = {
			isa = PBXContainerItemProxy;
			containerPortal = 1A1B685C27741D2F00367796 /* Project object */;
			proxyType = 1;
			remoteGlobalIDString = 1A1B686327741D2F00367796;
			remoteInfo = Slate;
		};
/* End PBXContainerItemProxy section */

/* Begin PBXFileReference section */
		1A1B686427741D2F00367796 /* Slate.app */ = {isa = PBXFileReference; explicitFileType = wrapper.application; includeInIndex = 0; path = Slate.app; sourceTree = BUILT_PRODUCTS_DIR; };
		1A1B686727741D2F00367796 /* SlateApp.swift */ = {isa = PBXFileReference; lastKnownFileType = sourcecode.swift; path = SlateApp.swift; sourceTree = "<group>"; };
		1A1B686927741D2F00367796 /* ContentView.swift */ = {isa = PBXFileReference; lastKnownFileType = sourcecode.swift; path = ContentView.swift; sourceTree = "<group>"; };
		1A1B686B27741D3200367796 /* Assets.xcassets */ = {isa = PBXFileReference; lastKnownFileType = folder.assetcatalog; path = Assets.xcassets; sourceTree = "<group>"; };
		1A1B686E27741D3200367796 /* Preview Assets.xcassets */ = {isa = PBXFileReference; lastKnownFileType = folder.assetcatalog; path = "Preview Assets.xcassets"; sourceTree = "<group>"; };
		1A1B687427741D3200367796 /* SlateTests.xctest */ = {isa = PBXFileReference; explicitFileType = wrapper.cfbundle; includeInIndex = 0; path = SlateTests.xctest; sourceTree = BUILT_PRODUCTS_DIR; };
		1A1B687827741D3200367796 /* SlateTests.swift */ = {isa = PBXFileReference; lastKnownFileType = sourcecode.swift; path = SlateTests.swift; sourceTree = "<group>"; };
		1A1B687E27741D3200367796 /* SlateUITests.xctest */ = {isa = PBXFileReference; explicitFileType = wrapper.cfbundle; includeInIndex = 0; path = SlateUITests.xctest; sourceTree = BUILT_PRODUCTS_DIR; };
		1A1B688227741D3200367796 /* SlateUITests.swift */ = {isa = PBXFileReference; lastKnownFileType = sourcecode.swift; path = SlateUITests.swift; sourceTree = "<group>"; };
		1A1B688427741D3200367796 /* SlateUITestsLaunchTests.swift */ = {isa = PBXFileReference; lastKnownFileType = sourcecode.swift; path = SlateUITestsLaunchTests.swift; sourceTree = "<group>"; };
/* End PBXFileReference section */

/* Begin PBXFrameworksBuildPhase section */
		1A1B686127741D2F00367796 /* Frameworks */ = {
			isa = PBXFrameworksBuildPhase;
			buildActionMask = 2147483647;
			files = (
			);
			runOnlyForDeploymentPostprocessing = 0;
		};
		1A1B687127741D3200367796 /* Frameworks */ = {
			isa = PBXFrameworksBuildPhase;
			buildActionMask = 2147483647;
			files = (
			);
			runOnlyForDeploymentPostprocessing = 0;
		};
		1A1B687B27741D3200367796 /* Frameworks */ = {
			isa = PBXFrameworksBuildPhase;
			buildActionMask = 2147483647;
			files = (
			);
			runOnlyForDeploymentPostprocessing = 0;
		};
/* End PBXFrameworksBuildPhase section */

/* Begin PBXGroup section */
		1A1B685B27741D2F00367796 = {
			isa = PBXGroup;
			children = (
				1A1B686627741D2F00367796 /* Slate */,
				1A1B687727741D3200367796 /* SlateTests */,
				1A1B688127741D3200367796 /* SlateUITests */,
				1A1B686527741D2F00367796 /* Products */,
			);
			sourceTree = "<group>";
		};
		1A1B686527741D2F00367796 /* Products */ = {
			isa = PBXGroup;
			children = (
				1A1B686427741D2F00367796 /* Slate.app */,
				1A1B687427741D3200367796 /* SlateTests.xctest */,
				1A1B687E27741D3200367796 /* SlateUITests.xctest */,
			);
			name = Products;
			sourceTree = "<group>";
		};
		1A1B686627741D2F00367796 /* Slate */ = {
			isa = PBXGroup;
			children = (
				1A1B686727741D2F00367796 /* SlateApp.swift */,
				1A1B686927741D2F00367796 /* ContentView.swift */,
				1A1B686B27741D3200367796 /* Assets.xcassets */,
				1A1B686D27741D3200367796 /* Preview Content */,
			);
			path = Slate;
			sourceTree = "<group>";
		};
		1A1B686D27741D3200367796 /* Preview Content */ = {
			isa = PBXGroup;
			children = (
				1A1B686E27741D3200367796 /* Preview Assets.xcassets */,
			);
			path = "Preview Content";
			sourceTree = "<group>";
		};
		1A1B687727741D3200367796 /* SlateTests */ = {
			isa = PBXGroup;
			children = (
				1A1B687827741D3200367796 /* SlateTests.swift */,
			);
			path = SlateTests;
			sourceTree = "<group>";
		};
		1A1B688127741D3200367796 /* SlateUITests */ = {
			isa = PBXGroup;
			children = (
				1A1B688227741D3200367796 /* SlateUITests.swift */,
				1A1B688427741D3200367796 /* SlateUITestsLaunchTests.swift */,
			);
			path = SlateUITests;
			sourceTree = "<group>";
		};
/* End PBXGroup section */

/* Begin PBXNativeTarget section */
		1A1B686327741D2F00367796 /* Slate */ = {
			isa = PBXNativeTarget;
			buildConfigurationList = 1A1B688827741D3200367796 /* Build configuration list for PBXNativeTarget "Slate" */;
			buildPhases = (
				1A1B686027741D2F00367796 /* Sources */,
				1A1B686127741D2F00367796 /* Frameworks */,
				1A1B686227741D2F00367796 /* Resources */,
			);
			buildRules = (
			);
			dependencies = (
			);
			name = Slate;
			productName = Slate;
			productReference = 1A1B686427741D2F00367796 /* Slate.app */;
			productType = "com.apple.product-type.application";
		};
		1A1B687327741D3200367796 /* SlateTests */ = {
			isa = PBXNativeTarget;
			buildConfigurationList = 1A1B688B27741D3200367796 /* Build configuration list for PBXNativeTarget "SlateTests" */;
			buildPhases = (
				1A1B687027741D3200367796 /* Sources */,
				1A1B687127741D3200367796 /* Frameworks */,
				1A1B687227741D3200367796 /* Resources */,
			);
			buildRules = (
			);
			dependencies = (
				1A1B687627741D3200367796 /* PBXTargetDependency */,
			);
			name = SlateTests;
			productName = SlateTests;
			productReference = 1A1B687427741D3200367796 /* SlateTests.xctest */;
			productType = "com.apple.product-type.bundle.unit-test";
		};
		1A1B687D27741D3200367796 /* SlateUITests */ = {
			isa = PBXNativeTarget;
			buildConfigurationList = 1A1B688E27741D3200367796 /* Build configuration list for PBXNativeTarget "SlateUITests" */;
			buildPhases = (
				1A1B687A27741D3200367796 /* Sources */,
				1A1B687B27741D3200367796 /* Frameworks */,
				1A1B687C27741D3200367796 /* Resources */,
			);
			buildRules = (
			);
			dependencies = (
				1A1B688027741D3200367796 /* PBXTargetDependency */,
			);
			name = SlateUITests;
			productName = SlateUITests;
			productReference = 1A1B687E27741D3200367796 /* SlateUITests.xctest */;
			productType = "com.apple.product-type.bundle.ui-testing";
		};
/* End PBXNativeTarget section */

/* Begin PBXProject section */
		1A1B685C27741D2F00367796 /* Project object */ = {
			isa = PBXProject;
			attributes = {
				BuildIndependentTargetsInParallel = 1;
				LastSwiftUpdateCheck = 1320;
				LastUpgradeCheck = 1320;
				TargetAttributes = {
					1A1B686327741D2F00367796 = {
						CreatedOnToolsVersion = 13.2.1;
					};
					1A1B687327741D3200367796 = {
						CreatedOnToolsVersion = 13.2.1;
						TestTargetID = 1A1B686327741D2F00367796;
					};
					1A1B687D27741D3200367796 = {
						CreatedOnToolsVersion = 13.2.1;
						TestTargetID = 1A1B686327741D2F00367796;
					};
				};
			};
			buildConfigurationList = 1A1B685F27741D2F00367796 /* Build configuration list for PBXProject "Slate" */;
			compatibilityVersion = "Xcode 13.0";
			developmentRegion = en;
			hasScannedForEncodings = 0;
			knownRegions = (
				en,
				Base,
			);
			mainGroup = 1A1B685B27741D2F00367796;
			productRefGroup = 1A1B686527741D2F00367796 /* Products */;
			projectDirPath = "";
			projectRoot = "";
			targets = (
				1A1B686327741D2F00367796 /* Slate */,
				1A1B687327741D3200367796 /* SlateTests */,
				1A1B687D27741D3200367796 /* SlateUITests */,
			);
		};
/* End PBXProject section */

/* Begin PBXResourcesBuildPhase section */
		1A1B686227741D2F00367796 /* Resources */ = {
			isa = PBXResourcesBuildPhase;
			buildActionMask = 2147483647;
			files = (
				1A1B686F27741D3200367796 /* Preview Assets.xcassets in Resources */,
				1A1B686C27741D3200367796 /* Assets.xcassets in Resources */,
			);
			runOnlyForDeploymentPostprocessing = 0;
		};
		1A1B687227741D3200367796 /* Resources */ = {
			isa = PBXResourcesBuildPhase;
			buildActionMask = 2147483647;
			files = (
			);
			runOnlyForDeploymentPostprocessing = 0;
		};
		1A1B687C27741D3200367796 /* Resources */ = {
			isa = PBXResourcesBuildPhase;
			buildActionMask = 2147483647;
			files = (
			);
			runOnlyForDeploymentPostprocessing = 0;
		};
/* End PBXResourcesBuildPhase section */

/* Begin PBXSourcesBuildPhase section */
		1A1B686027741D2F00367796 /* Sources */ = {
			isa = PBXSourcesBuildPhase;
			buildActionMask = 2147483647;
			files = (
				1A1B686A27741D2F00367796 /* ContentView.swift in Sources */,
				1A1B686827741D2F00367796 /* SlateApp.swift in Sources */,
			);
			runOnlyForDeploymentPostprocessing = 0;
		};
		1A1B687027741D3200367796 /* Sources */ = {
			isa = PBXSourcesBuildPhase;
			buildActionMask = 2147483647;
			files = (
				1A1B687927741D3200367796 /* SlateTests.swift in Sources */,
			);
			runOnlyForDeploymentPostprocessing = 0;
		};
		1A1B687A27741D3200367796 /* Sources */ = {
			isa = PBXSourcesBuildPhase;
			buildActionMask = 2147483647;
			files = (
				1A1B688527741D3200367796 /* SlateUITestsLaunchTests.swift in Sources */,
				1A1B688327741D3200367796 /* SlateUITests.swift in Sources */,
			);
			runOnlyForDeploymentPostprocessing = 0;
		};
/* End PBXSourcesBuildPhase section */

/* Begin PBXTargetDependency section */
		1A1B687627741D3200367796 /* PBXTargetDependency */ = {
			isa = PBXTargetDependency;
			target = 1A1B686327741D2F00367796 /* Slate */;
			targetProxy = 1A1B687527741D3200367796 /* PBXContainerItemProxy */;
		};
		1A1B688027741D3200367796 /* PBXTargetDependency */ = {
			isa = PBXTargetDependency;
			target = 1A1B686327741D2F00367796 /* Slate */;
			targetProxy = 1A1B687F27741D3200367796 /* PBXContainerItemProxy */;
		};
/* End PBXTargetDependency section */

/* Begin XCBuildConfiguration section */
		1A1B688627741D3200367796 /* Debug */ = {
			isa = XCBuildConfiguration;
			buildSettings = {
				ALWAYS_SEARCH_USER_PATHS = NO;
				CLANG_ANALYZER_NONNULL = YES;
				CLANG_ANALYZER_NUMBER_OBJECT_CONVERSION = YES_AGGRESSIVE;
				CLANG_CXX_LANGUAGE_STANDARD = "gnu++17";
				CLANG_CXX_LIBRARY = "libc++";
				CLANG_ENABLE_MODULES = YES;
				CLANG_ENABLE_OBJC_ARC = YES;
				CLANG_ENABLE_OBJC_WEAK = YES;
				CLANG_WARN_BLOCK_CAPTURE_AUTORELEASING = YES;
				CLANG_WARN_BOOL_CONVERSION = YES;
				CLANG_WARN_COMMA = YES;
				CLANG_WARN_CONSTANT_CONVERSION = YES;
				CLANG_WARN_DEPRECATED_OBJC_IMPLEMENTATIONS = YES;
				CLANG_WARN_DIRECT_OBJC_ISA_USAGE = YES_ERROR;
				CLANG_WARN_DOCUMENTATION_COMMENTS = YES;
				CLANG_WARN_EMPTY_BODY = YES;
				CLANG_WARN_ENUM_CONVERSION = YES;
				CLANG_WARN_INFINITE_RECURSION = YES;
				CLANG_WARN_INT_CONVERSION = YES;
				CLANG_WARN_NON_LITERAL_NULL_CONVERSION = YES;
				CLANG_WARN_OBJC_IMPLICIT_RETAIN_SELF = YES;
				CLANG_WARN_OBJC_LITERAL_CONVERSION = YES;
				CLANG_WARN_OBJC_ROOT_CLASS = YES_ERROR;
				CLANG_WARN_QUOTED_INCLUDE_IN_FRAMEWORK_HEADER = YES;
				CLANG_WARN_RANGE_LOOP_ANALYSIS = YES;
				CLANG_WARN_STRICT_PROTOTYPES = YES;
				CLANG_WARN_SUSPICIOUS_MOVE = YES;
				CLANG_WARN_UNGUARDED_AVAILABILITY = YES_AGGRESSIVE;
				CLANG_WARN_UNREACHABLE_CODE = YES;
				CLANG_WARN__DUPLICATE_METHOD_MATCH = YES;
				COPY_PHASE_STRIP = NO;
				DEBUG_INFORMATION_FORMAT = dwarf;
				ENABLE_STRICT_OBJC_MSGSEND = YES;
				ENABLE_TESTABILITY = YES;
				GCC_C_LANGUAGE_STANDARD = gnu11;
				GCC_DYNAMIC_NO_PIC = NO;
				GCC_NO_COMMON_BLOCKS = YES;
				GCC_OPTIMIZATION_LEVEL = 0;
				GCC_PREPROCESSOR_DEFINITIONS = (
					"DEBUG=1",
					"$(inherited)",
				);
				GCC_WARN_64_TO_32_BIT_CONVERSION = YES;
				GCC_WARN_ABOUT_RETURN_TYPE = YES_ERROR;
				GCC_WARN_UNDECLARED_SELECTOR = YES;
				GCC_WARN_UNINITIALIZED_AUTOS = YES_AGGRESSIVE;
				GCC_WARN_UNUSED_FUNCTION = YES;
				GCC_WARN_UNUSED_VARIABLE = YES;
				IPHONEOS_DEPLOYMENT_TARGET = 15.2;
				MTL_ENABLE_DEBUG_INFO = INCLUDE_SOURCE;
				MTL_FAST_MATH = YES;
				ONLY_ACTIVE_ARCH = YES;
				SDKROOT = iphoneos;
				SWIFT_ACTIVE_COMPILATION_CONDITIONS = DEBUG;
				SWIFT_OPTIMIZATION_LEVEL = "-Onone";
			};
			name = Debug;
		};
		1A1B688727741D3200367796 /* Release */ = {
			isa = XCBuildConfiguration;
			buildSettings = {
				ALWAYS_SEARCH_USER_PATHS = NO;
				CLANG_ANALYZER_NONNULL = YES;
				CLANG_ANALYZER_NUMBER_OBJECT_CONVERSION = YES_AGGRESSIVE;
				CLANG_CXX_LANGUAGE_STANDARD = "gnu++17";
				CLANG_CXX_LIBRARY = "libc++";
				CLANG_ENABLE_MODULES = YES;
				CLANG_ENABLE_OBJC_ARC = YES;
				CLANG_ENABLE_OBJC_WEAK = YES;
				CLANG_WARN_BLOCK_CAPTURE_AUTORELEASING = YES;
				CLANG_WARN_BOOL_CONVERSION = YES;
				CLANG_WARN_COMMA = YES;
				CLANG_WARN_CONSTANT_CONVERSION = YES;
				CLANG_WARN_DEPRECATED_OBJC_IMPLEMENTATIONS = YES;
				CLANG_WARN_DIRECT_OBJC_ISA_USAGE = YES_ERROR;
				CLANG_WARN_DOCUMENTATION_COMMENTS = YES;
				CLANG_WARN_EMPTY_BODY = YES;
				CLANG_WARN_ENUM_CONVERSION = YES;
				CLANG_WARN_INFINITE_RECURSION = YES;
				CLANG_WARN_INT_CONVERSION = YES;
				CLANG_WARN_NON_LITERAL_NULL_CONVERSION = YES;
				CLANG_WARN_OBJC_IMPLICIT_RETAIN_SELF = YES;
				CLANG_WARN_OBJC_LITERAL_CONVERSION = YES;
				CLANG_WARN_OBJC_ROOT_CLASS = YES_ERROR;
				CLANG_WARN_QUOTED_INCLUDE_IN_FRAMEWORK_HEADER = YES;
				CLANG_WARN_RANGE_LOOP_ANALYSIS = YES;
				CLANG_WARN_STRICT_PROTOTYPES = YES;
				CLANG_WARN_SUSPICIOUS_MOVE = YES;
				CLANG_WARN_UNGUARDED_AVAILABILITY = YES_AGGRESSIVE;
				CLANG_WARN_UNREACHABLE_CODE = YES;
				CLANG_WARN__DUPLICATE_METHOD_MATCH = YES;
				COPY_PHASE_STRIP = NO;
				DEBUG_INFORMATION_FORMAT = "dwarf-with-dsym";
				ENABLE_NS_ASSERTIONS = NO;
				ENABLE_STRICT_OBJC_MSGSEND = YES;
				GCC_C_LANGUAGE_STANDARD = gnu11;
				GCC_NO_COMMON_BLOCKS = YES;
				GCC_WARN_64_TO_32_BIT_CONVERSION = YES;
				GCC_WARN_ABOUT_RETURN_TYPE = YES_ERROR;
				GCC_WARN_UNDECLARED_SELECTOR = YES;
				GCC_WARN_UNINITIALIZED_AUTOS = YES_AGGRESSIVE;
				GCC_WARN_UNUSED_FUNCTION = YES;
				GCC_WARN_UNUSED_VARIABLE = YES;
				IPHONEOS_DEPLOYMENT_TARGET = 15.2;
				MTL_ENABLE_DEBUG_INFO = NO;
				MTL_FAST_MATH = YES;
				SDKROOT = iphoneos;
				SWIFT_COMPILATION_MODE = wholemodule;
				SWIFT_OPTIMIZATION_LEVEL = "-O";
				VALIDATE_PRODUCT = YES;
			};
			name = Release;
		};
		1A1B688927741D3200367796 /* Debug */ = {
			isa = XCBuildConfiguration;
			buildSettings = {
				ASSETCATALOG_COMPILER_APPICON_NAME = AppIcon;
				ASSETCATALOG_COMPILER_GLOBAL_ACCENT_COLOR_NAME = AccentColor;
				CODE_SIGN_STYLE = Automatic;
				CURRENT_PROJECT_VERSION = 1;
				DEVELOPMENT_ASSET_PATHS = "\"Slate/Preview Content\"";
				DEVELOPMENT_TEAM = 53FCDV3775;
				ENABLE_PREVIEWS = YES;
				GENERATE_INFOPLIST_FILE = YES;
				INFOPLIST_KEY_UIApplicationSceneManifest_Generation = YES;
				INFOPLIST_KEY_UIApplicationSupportsIndirectInputEvents = YES;
				INFOPLIST_KEY_UILaunchScreen_Generation = YES;
				INFOPLIST_KEY_UISupportedInterfaceOrientations_iPad = "UIInterfaceOrientationPortrait UIInterfaceOrientationPortraitUpsideDown UIInterfaceOrientationLandscapeLeft UIInterfaceOrientationLandscapeRight";
				INFOPLIST_KEY_UISupportedInterfaceOrientations_iPhone = "UIInterfaceOrientationPortrait UIInterfaceOrientationLandscapeLeft UIInterfaceOrientationLandscapeRight";
				LD_RUNPATH_SEARCH_PATHS = (
					"$(inherited)",
					"@executable_path/Frameworks",
				);
				MARKETING_VERSION = 1.0;
				PRODUCT_BUNDLE_IDENTIFIER = jpmchargue.Slate;
				PRODUCT_NAME = "$(TARGET_NAME)";
				SWIFT_EMIT_LOC_STRINGS = YES;
				SWIFT_VERSION = 5.0;
				TARGETED_DEVICE_FAMILY = "1,2";
			};
			name = Debug;
		};
		1A1B688A27741D3200367796 /* Release */ = {
			isa = XCBuildConfiguration;
			buildSettings = {
				ASSETCATALOG_COMPILER_APPICON_NAME = AppIcon;
				ASSETCATALOG_COMPILER_GLOBAL_ACCENT_COLOR_NAME = AccentColor;
				CODE_SIGN_STYLE = Automatic;
				CURRENT_PROJECT_VERSION = 1;
				DEVELOPMENT_ASSET_PATHS = "\"Slate/Preview Content\"";
				DEVELOPMENT_TEAM = 53FCDV3775;
				ENABLE_PREVIEWS = YES;
				GENERATE_INFOPLIST_FILE = YES;
				INFOPLIST_KEY_UIApplicationSceneManifest_Generation = YES;
				INFOPLIST_KEY_UIApplicationSupportsIndirectInputEvents = YES;
				INFOPLIST_KEY_UILaunchScreen_Generation = YES;
				INFOPLIST_KEY_UISupportedInterfaceOrientations_iPad = "UIInterfaceOrientationPortrait UIInterfaceOrientationPortraitUpsideDown UIInterfaceOrientationLandscapeLeft UIInterfaceOrientationLandscapeRight";
				INFOPLIST_KEY_UISupportedInterfaceOrientations_iPhone = "UIInterfaceOrientationPortrait UIInterfaceOrientationLandscapeLeft UIInterfaceOrientationLandscapeRight";
				LD_RUNPATH_SEARCH_PATHS = (
					"$(inherited)",
					"@executable_path/Frameworks",
				);
				MARKETING_VERSION = 1.0;
				PRODUCT_BUNDLE_IDENTIFIER = jpmchargue.Slate;
				PRODUCT_NAME = "$(TARGET_NAME)";
				SWIFT_EMIT_LOC_STRINGS = YES;
				SWIFT_VERSION = 5.0;
				TARGETED_DEVICE_FAMILY = "1,2";
			};
			name = Release;
		};
		1A1B688C27741D3200367796 /* Debug */ = {
			isa = XCBuildConfiguration;
			buildSettings = {
				ALWAYS_EMBED_SWIFT_STANDARD_LIBRARIES = YES;
				BUNDLE_LOADER = "$(TEST_HOST)";
				CODE_SIGN_STYLE = Automatic;
				CURRENT_PROJECT_VERSION = 1;
				DEVELOPMENT_TEAM = 53FCDV3775;
				GENERATE_INFOPLIST_FILE = YES;
				IPHONEOS_DEPLOYMENT_TARGET = 15.2;
				MARKETING_VERSION = 1.0;
				PRODUCT_BUNDLE_IDENTIFIER = jpmchargue.SlateTests;
				PRODUCT_NAME = "$(TARGET_NAME)";
				SWIFT_EMIT_LOC_STRINGS = NO;
				SWIFT_VERSION = 5.0;
				TARGETED_DEVICE_FAMILY = "1,2";
				TEST_HOST = "$(BUILT_PRODUCTS_DIR)/Slate.app/Slate";
			};
			name = Debug;
		};
		1A1B688D27741D3200367796 /* Release */ = {
			isa = XCBuildConfiguration;
			buildSettings = {
				ALWAYS_EMBED_SWIFT_STANDARD_LIBRARIES = YES;
				BUNDLE_LOADER = "$(TEST_HOST)";
				CODE_SIGN_STYLE = Automatic;
				CURRENT_PROJECT_VERSION = 1;
				DEVELOPMENT_TEAM = 53FCDV3775;
				GENERATE_INFOPLIST_FILE = YES;
				IPHONEOS_DEPLOYMENT_TARGET = 15.2;
				MARKETING_VERSION = 1.0;
				PRODUCT_BUNDLE_IDENTIFIER = jpmchargue.SlateTests;
				PRODUCT_NAME = "$(TARGET_NAME)";
				SWIFT_EMIT_LOC_STRINGS = NO;
				SWIFT_VERSION = 5.0;
				TARGETED_DEVICE_FAMILY = "1,2";
				TEST_HOST = "$(BUILT_PRODUCTS_DIR)/Slate.app/Slate";
			};
			name = Release;
		};
		1A1B688F27741D3200367796 /* Debug */ = {
			isa = XCBuildConfiguration;
			buildSettings = {
				ALWAYS_EMBED_SWIFT_STANDARD_LIBRARIES = YES;
				CODE_SIGN_STYLE = Automatic;
				CURRENT_PROJECT_VERSION = 1;
				DEVELOPMENT_TEAM = 53FCDV3775;
				GENERATE_INFOPLIST_FILE = YES;
				MARKETING_VERSION = 1.0;
				PRODUCT_BUNDLE_IDENTIFIER = jpmchargue.SlateUITests;
				PRODUCT_NAME = "$(TARGET_NAME)";
				SWIFT_EMIT_LOC_STRINGS = NO;
				SWIFT_VERSION = 5.0;
				TARGETED_DEVICE_FAMILY = "1,2";
				TEST_TARGET_NAME = Slate;
			};
			name = Debug;
		};
		1A1B689027741D3200367796 /* Release */ = {
			isa = XCBuildConfiguration;
			buildSettings = {
				ALWAYS_EMBED_SWIFT_STANDARD_LIBRARIES = YES;
				CODE_SIGN_STYLE = Automatic;
				CURRENT_PROJECT_VERSION = 1;
				DEVELOPMENT_TEAM = 53FCDV3775;
				GENERATE_INFOPLIST_FILE = YES;
				MARKETING_VERSION = 1.0;
				PRODUCT_BUNDLE_IDENTIFIER = jpmchargue.SlateUITests;
				PRODUCT_NAME = "$(TARGET_NAME)";
				SWIFT_EMIT_LOC_STRINGS = NO;
				SWIFT_VERSION = 5.0;
				TARGETED_DEVICE_FAMILY = "1,2";
				TEST_TARGET_NAME = Slate;
			};
			name = Release;
		};
/* End XCBuildConfiguration section */

/* Begin XCConfigurationList section */
		1A1B685F27741D2F00367796 /* Build configuration list for PBXProject "Slate" */ = {
			isa = XCConfigurationList;
			buildConfigurations = (
				1A1B688627741D3200367796 /* Debug */,
				1A1B688727741D3200367796 /* Release */,
			);
			defaultConfigurationIsVisible = 0;
			defaultConfigurationName = Release;
		};
		1A1B688827741D3200367796 /* Build configuration list for PBXNativeTarget "Slate" */ = {
			isa = XCConfigurationList;
			buildConfigurations = (
				1A1B688927741D3200367796 /* Debug */,
				1A1B688A27741D3200367796 /* Release */,
			);
			defaultConfigurationIsVisible = 0;
			defaultConfigurationName = Release;
		};
		1A1B688B27741D3200367796 /* Build configuration list for PBXNativeTarget "SlateTests" */ = {
			isa = XCConfigurationList;
			buildConfigurations = (
				1A1B688C27741D3200367796 /* Debug */,
				1A1B688D27741D3200367796 /* Release */,
			);
			defaultConfigurationIsVisible = 0;
			defaultConfigurationName = Release;
		};
		1A1B688E27741D3200367796 /* Build configuration list for PBXNativeTarget "SlateUITests" */ = {
			isa = XCConfigurationList;
			buildConfigurations = (
				1A1B688F27741D3200367796 /* Debug */,
				1A1B689027741D3200367796 /* Release */,
			);
			defaultConfigurationIsVisible = 0;
			defaultConfigurationName = Release;
		};
/* End XCConfigurationList section */
	};
	rootObject = 1A1B685C27741D2F00367796 /* Project object */;
}
